# This file is automatically @generated by Poetry 1.6.1 and should not be changed by hand.

[[package]]
name = "black"
version = "23.9.1"
description = "The uncompromising code formatter."
optional = false
python-versions = ">=3.8"
files = [
    {file = "black-23.9.1-cp310-cp310-macosx_10_16_arm64.whl", hash = "sha256:d6bc09188020c9ac2555a498949401ab35bb6bf76d4e0f8ee251694664df6301"},
    {file = "black-23.9.1-cp310-cp310-macosx_10_16_universal2.whl", hash = "sha256:13ef033794029b85dfea8032c9d3b92b42b526f1ff4bf13b2182ce4e917f5100"},
    {file = "black-23.9.1-cp310-cp310-macosx_10_16_x86_64.whl", hash = "sha256:75a2dc41b183d4872d3a500d2b9c9016e67ed95738a3624f4751a0cb4818fe71"},
    {file = "black-23.9.1-cp310-cp310-manylinux_2_17_x86_64.manylinux2014_x86_64.whl", hash = "sha256:13a2e4a93bb8ca74a749b6974925c27219bb3df4d42fc45e948a5d9feb5122b7"},
    {file = "black-23.9.1-cp310-cp310-win_amd64.whl", hash = "sha256:adc3e4442eef57f99b5590b245a328aad19c99552e0bdc7f0b04db6656debd80"},
    {file = "black-23.9.1-cp311-cp311-macosx_10_16_arm64.whl", hash = "sha256:8431445bf62d2a914b541da7ab3e2b4f3bc052d2ccbf157ebad18ea126efb91f"},
    {file = "black-23.9.1-cp311-cp311-macosx_10_16_universal2.whl", hash = "sha256:8fc1ddcf83f996247505db6b715294eba56ea9372e107fd54963c7553f2b6dfe"},
    {file = "black-23.9.1-cp311-cp311-macosx_10_16_x86_64.whl", hash = "sha256:7d30ec46de88091e4316b17ae58bbbfc12b2de05e069030f6b747dfc649ad186"},
    {file = "black-23.9.1-cp311-cp311-manylinux_2_17_x86_64.manylinux2014_x86_64.whl", hash = "sha256:031e8c69f3d3b09e1aa471a926a1eeb0b9071f80b17689a655f7885ac9325a6f"},
    {file = "black-23.9.1-cp311-cp311-win_amd64.whl", hash = "sha256:538efb451cd50f43aba394e9ec7ad55a37598faae3348d723b59ea8e91616300"},
    {file = "black-23.9.1-cp38-cp38-macosx_10_16_arm64.whl", hash = "sha256:638619a559280de0c2aa4d76f504891c9860bb8fa214267358f0a20f27c12948"},
    {file = "black-23.9.1-cp38-cp38-macosx_10_16_universal2.whl", hash = "sha256:a732b82747235e0542c03bf352c126052c0fbc458d8a239a94701175b17d4855"},
    {file = "black-23.9.1-cp38-cp38-macosx_10_16_x86_64.whl", hash = "sha256:cf3a4d00e4cdb6734b64bf23cd4341421e8953615cba6b3670453737a72ec204"},
    {file = "black-23.9.1-cp38-cp38-manylinux_2_17_x86_64.manylinux2014_x86_64.whl", hash = "sha256:cf99f3de8b3273a8317681d8194ea222f10e0133a24a7548c73ce44ea1679377"},
    {file = "black-23.9.1-cp38-cp38-win_amd64.whl", hash = "sha256:14f04c990259576acd093871e7e9b14918eb28f1866f91968ff5524293f9c573"},
    {file = "black-23.9.1-cp39-cp39-macosx_10_16_arm64.whl", hash = "sha256:c619f063c2d68f19b2d7270f4cf3192cb81c9ec5bc5ba02df91471d0b88c4c5c"},
    {file = "black-23.9.1-cp39-cp39-macosx_10_16_universal2.whl", hash = "sha256:6a3b50e4b93f43b34a9d3ef00d9b6728b4a722c997c99ab09102fd5efdb88325"},
    {file = "black-23.9.1-cp39-cp39-macosx_10_16_x86_64.whl", hash = "sha256:c46767e8df1b7beefb0899c4a95fb43058fa8500b6db144f4ff3ca38eb2f6393"},
    {file = "black-23.9.1-cp39-cp39-manylinux_2_17_x86_64.manylinux2014_x86_64.whl", hash = "sha256:50254ebfa56aa46a9fdd5d651f9637485068a1adf42270148cd101cdf56e0ad9"},
    {file = "black-23.9.1-cp39-cp39-win_amd64.whl", hash = "sha256:403397c033adbc45c2bd41747da1f7fc7eaa44efbee256b53842470d4ac5a70f"},
    {file = "black-23.9.1-py3-none-any.whl", hash = "sha256:6ccd59584cc834b6d127628713e4b6b968e5f79572da66284532525a042549f9"},
    {file = "black-23.9.1.tar.gz", hash = "sha256:24b6b3ff5c6d9ea08a8888f6977eae858e1f340d7260cf56d70a49823236b62d"},
]

[package.dependencies]
click = ">=8.0.0"
mypy-extensions = ">=0.4.3"
packaging = ">=22.0"
pathspec = ">=0.9.0"
platformdirs = ">=2"
tomli = {version = ">=1.1.0", markers = "python_version < \"3.11\""}
typing-extensions = {version = ">=4.0.1", markers = "python_version < \"3.11\""}

[package.extras]
colorama = ["colorama (>=0.4.3)"]
d = ["aiohttp (>=3.7.4)"]
jupyter = ["ipython (>=7.8.0)", "tokenize-rt (>=3.2.0)"]
uvloop = ["uvloop (>=0.15.2)"]

[[package]]
name = "click"
version = "8.1.7"
description = "Composable command line interface toolkit"
optional = false
python-versions = ">=3.7"
files = [
    {file = "click-8.1.7-py3-none-any.whl", hash = "sha256:ae74fb96c20a0277a1d615f1e4d73c8414f5a98db8b799a7931d1582f3390c28"},
    {file = "click-8.1.7.tar.gz", hash = "sha256:ca9853ad459e787e2192211578cc907e7594e294c7ccc834310722b41b9ca6de"},
]

[package.dependencies]
colorama = {version = "*", markers = "platform_system == \"Windows\""}

[[package]]
name = "colorama"
version = "0.4.6"
description = "Cross-platform colored terminal text."
optional = false
python-versions = "!=3.0.*,!=3.1.*,!=3.2.*,!=3.3.*,!=3.4.*,!=3.5.*,!=3.6.*,>=2.7"
files = [
    {file = "colorama-0.4.6-py2.py3-none-any.whl", hash = "sha256:4f1d9991f5acc0ca119f9d443620b77f9d6b33703e51011c16baf57afb285fc6"},
    {file = "colorama-0.4.6.tar.gz", hash = "sha256:08695f5cb7ed6e0531a20572697297273c47b8cae5a63ffc6d6ed5c201be6e44"},
]

[[package]]
name = "exceptiongroup"
version = "1.1.3"
description = "Backport of PEP 654 (exception groups)"
optional = false
python-versions = ">=3.7"
files = [
    {file = "exceptiongroup-1.1.3-py3-none-any.whl", hash = "sha256:343280667a4585d195ca1cf9cef84a4e178c4b6cf2274caef9859782b567d5e3"},
    {file = "exceptiongroup-1.1.3.tar.gz", hash = "sha256:097acd85d473d75af5bb98e41b61ff7fe35efe6675e4f9370ec6ec5126d160e9"},
]

[package.extras]
test = ["pytest (>=6)"]

[[package]]
name = "flake8"
version = "6.1.0"
description = "the modular source code checker: pep8 pyflakes and co"
optional = false
python-versions = ">=3.8.1"
files = [
    {file = "flake8-6.1.0-py2.py3-none-any.whl", hash = "sha256:ffdfce58ea94c6580c77888a86506937f9a1a227dfcd15f245d694ae20a6b6e5"},
    {file = "flake8-6.1.0.tar.gz", hash = "sha256:d5b3857f07c030bdb5bf41c7f53799571d75c4491748a3adcd47de929e34cd23"},
]

[package.dependencies]
mccabe = ">=0.7.0,<0.8.0"
pycodestyle = ">=2.11.0,<2.12.0"
pyflakes = ">=3.1.0,<3.2.0"

[[package]]
name = "greenlet"
version = "3.0.0"
description = "Lightweight in-process concurrent programming"
optional = false
python-versions = ">=3.7"
files = [
    {file = "greenlet-3.0.0-cp310-cp310-manylinux_2_17_aarch64.manylinux2014_aarch64.whl", hash = "sha256:f47932c434a3c8d3c86d865443fadc1fbf574e9b11d6650b656e602b1797908a"},
    {file = "greenlet-3.0.0-cp310-cp310-manylinux_2_17_ppc64le.manylinux2014_ppc64le.whl", hash = "sha256:bdfaeecf8cc705d35d8e6de324bf58427d7eafb55f67050d8f28053a3d57118c"},
    {file = "greenlet-3.0.0-cp310-cp310-manylinux_2_17_s390x.manylinux2014_s390x.whl", hash = "sha256:6a68d670c8f89ff65c82b936275369e532772eebc027c3be68c6b87ad05ca695"},
    {file = "greenlet-3.0.0-cp310-cp310-manylinux_2_17_x86_64.manylinux2014_x86_64.whl", hash = "sha256:38ad562a104cd41e9d4644f46ea37167b93190c6d5e4048fcc4b80d34ecb278f"},
    {file = "greenlet-3.0.0-cp310-cp310-manylinux_2_24_x86_64.manylinux_2_28_x86_64.whl", hash = "sha256:02a807b2a58d5cdebb07050efe3d7deaf915468d112dfcf5e426d0564aa3aa4a"},
    {file = "greenlet-3.0.0-cp310-cp310-musllinux_1_1_aarch64.whl", hash = "sha256:b1660a15a446206c8545edc292ab5c48b91ff732f91b3d3b30d9a915d5ec4779"},
    {file = "greenlet-3.0.0-cp310-cp310-musllinux_1_1_x86_64.whl", hash = "sha256:813720bd57e193391dfe26f4871186cf460848b83df7e23e6bef698a7624b4c9"},
    {file = "greenlet-3.0.0-cp310-cp310-win_amd64.whl", hash = "sha256:aa15a2ec737cb609ed48902b45c5e4ff6044feb5dcdfcf6fa8482379190330d7"},
    {file = "greenlet-3.0.0-cp310-universal2-macosx_11_0_x86_64.whl", hash = "sha256:7709fd7bb02b31908dc8fd35bfd0a29fc24681d5cc9ac1d64ad07f8d2b7db62f"},
    {file = "greenlet-3.0.0-cp311-cp311-manylinux_2_17_aarch64.manylinux2014_aarch64.whl", hash = "sha256:6512592cc49b2c6d9b19fbaa0312124cd4c4c8a90d28473f86f92685cc5fef8e"},
    {file = "greenlet-3.0.0-cp311-cp311-manylinux_2_17_ppc64le.manylinux2014_ppc64le.whl", hash = "sha256:871b0a8835f9e9d461b7fdaa1b57e3492dd45398e87324c047469ce2fc9f516c"},
    {file = "greenlet-3.0.0-cp311-cp311-manylinux_2_17_s390x.manylinux2014_s390x.whl", hash = "sha256:b505fcfc26f4148551826a96f7317e02c400665fa0883fe505d4fcaab1dabfdd"},
    {file = "greenlet-3.0.0-cp311-cp311-manylinux_2_17_x86_64.manylinux2014_x86_64.whl", hash = "sha256:123910c58234a8d40eaab595bc56a5ae49bdd90122dde5bdc012c20595a94c14"},
    {file = "greenlet-3.0.0-cp311-cp311-manylinux_2_24_x86_64.manylinux_2_28_x86_64.whl", hash = "sha256:96d9ea57292f636ec851a9bb961a5cc0f9976900e16e5d5647f19aa36ba6366b"},
    {file = "greenlet-3.0.0-cp311-cp311-musllinux_1_1_aarch64.whl", hash = "sha256:0b72b802496cccbd9b31acea72b6f87e7771ccfd7f7927437d592e5c92ed703c"},
    {file = "greenlet-3.0.0-cp311-cp311-musllinux_1_1_x86_64.whl", hash = "sha256:527cd90ba3d8d7ae7dceb06fda619895768a46a1b4e423bdb24c1969823b8362"},
    {file = "greenlet-3.0.0-cp311-cp311-win_amd64.whl", hash = "sha256:37f60b3a42d8b5499be910d1267b24355c495064f271cfe74bf28b17b099133c"},
    {file = "greenlet-3.0.0-cp311-universal2-macosx_10_9_universal2.whl", hash = "sha256:c3692ecf3fe754c8c0f2c95ff19626584459eab110eaab66413b1e7425cd84e9"},
    {file = "greenlet-3.0.0-cp312-cp312-manylinux_2_17_aarch64.manylinux2014_aarch64.whl", hash = "sha256:73b2f1922a39d5d59cc0e597987300df3396b148a9bd10b76a058a2f2772fc04"},
    {file = "greenlet-3.0.0-cp312-cp312-manylinux_2_17_ppc64le.manylinux2014_ppc64le.whl", hash = "sha256:d1e22c22f7826096ad503e9bb681b05b8c1f5a8138469b255eb91f26a76634f2"},
    {file = "greenlet-3.0.0-cp312-cp312-manylinux_2_17_s390x.manylinux2014_s390x.whl", hash = "sha256:1d363666acc21d2c204dd8705c0e0457d7b2ee7a76cb16ffc099d6799744ac99"},
    {file = "greenlet-3.0.0-cp312-cp312-manylinux_2_17_x86_64.manylinux2014_x86_64.whl", hash = "sha256:334ef6ed8337bd0b58bb0ae4f7f2dcc84c9f116e474bb4ec250a8bb9bd797a66"},
    {file = "greenlet-3.0.0-cp312-cp312-manylinux_2_24_x86_64.manylinux_2_28_x86_64.whl", hash = "sha256:6672fdde0fd1a60b44fb1751a7779c6db487e42b0cc65e7caa6aa686874e79fb"},
    {file = "greenlet-3.0.0-cp312-cp312-musllinux_1_1_aarch64.whl", hash = "sha256:952256c2bc5b4ee8df8dfc54fc4de330970bf5d79253c863fb5e6761f00dda35"},
    {file = "greenlet-3.0.0-cp312-cp312-musllinux_1_1_x86_64.whl", hash = "sha256:269d06fa0f9624455ce08ae0179430eea61085e3cf6457f05982b37fd2cefe17"},
    {file = "greenlet-3.0.0-cp312-cp312-win_amd64.whl", hash = "sha256:9adbd8ecf097e34ada8efde9b6fec4dd2a903b1e98037adf72d12993a1c80b51"},
    {file = "greenlet-3.0.0-cp312-universal2-macosx_10_9_universal2.whl", hash = "sha256:553d6fb2324e7f4f0899e5ad2c427a4579ed4873f42124beba763f16032959af"},
    {file = "greenlet-3.0.0-cp37-cp37m-manylinux_2_17_aarch64.manylinux2014_aarch64.whl", hash = "sha256:c6b5ce7f40f0e2f8b88c28e6691ca6806814157ff05e794cdd161be928550f4c"},
    {file = "greenlet-3.0.0-cp37-cp37m-manylinux_2_17_ppc64le.manylinux2014_ppc64le.whl", hash = "sha256:ecf94aa539e97a8411b5ea52fc6ccd8371be9550c4041011a091eb8b3ca1d810"},
    {file = "greenlet-3.0.0-cp37-cp37m-manylinux_2_17_s390x.manylinux2014_s390x.whl", hash = "sha256:80dcd3c938cbcac986c5c92779db8e8ce51a89a849c135172c88ecbdc8c056b7"},
    {file = "greenlet-3.0.0-cp37-cp37m-manylinux_2_17_x86_64.manylinux2014_x86_64.whl", hash = "sha256:e52a712c38e5fb4fd68e00dc3caf00b60cb65634d50e32281a9d6431b33b4af1"},
    {file = "greenlet-3.0.0-cp37-cp37m-manylinux_2_24_x86_64.manylinux_2_28_x86_64.whl", hash = "sha256:d5539f6da3418c3dc002739cb2bb8d169056aa66e0c83f6bacae0cd3ac26b423"},
    {file = "greenlet-3.0.0-cp37-cp37m-musllinux_1_1_aarch64.whl", hash = "sha256:343675e0da2f3c69d3fb1e894ba0a1acf58f481f3b9372ce1eb465ef93cf6fed"},
    {file = "greenlet-3.0.0-cp37-cp37m-musllinux_1_1_x86_64.whl", hash = "sha256:abe1ef3d780de56defd0c77c5ba95e152f4e4c4e12d7e11dd8447d338b85a625"},
    {file = "greenlet-3.0.0-cp37-cp37m-win32.whl", hash = "sha256:e693e759e172fa1c2c90d35dea4acbdd1d609b6936115d3739148d5e4cd11947"},
    {file = "greenlet-3.0.0-cp37-cp37m-win_amd64.whl", hash = "sha256:bdd696947cd695924aecb3870660b7545a19851f93b9d327ef8236bfc49be705"},
    {file = "greenlet-3.0.0-cp37-universal2-macosx_11_0_x86_64.whl", hash = "sha256:cc3e2679ea13b4de79bdc44b25a0c4fcd5e94e21b8f290791744ac42d34a0353"},
    {file = "greenlet-3.0.0-cp38-cp38-manylinux_2_17_aarch64.manylinux2014_aarch64.whl", hash = "sha256:4a1a6244ff96343e9994e37e5b4839f09a0207d35ef6134dce5c20d260d0302c"},
    {file = "greenlet-3.0.0-cp38-cp38-manylinux_2_17_ppc64le.manylinux2014_ppc64le.whl", hash = "sha256:b822fab253ac0f330ee807e7485769e3ac85d5eef827ca224feaaefa462dc0d0"},
    {file = "greenlet-3.0.0-cp38-cp38-manylinux_2_17_s390x.manylinux2014_s390x.whl", hash = "sha256:8060b32d8586e912a7b7dac2d15b28dbbd63a174ab32f5bc6d107a1c4143f40b"},
    {file = "greenlet-3.0.0-cp38-cp38-manylinux_2_17_x86_64.manylinux2014_x86_64.whl", hash = "sha256:621fcb346141ae08cb95424ebfc5b014361621b8132c48e538e34c3c93ac7365"},
    {file = "greenlet-3.0.0-cp38-cp38-manylinux_2_24_x86_64.manylinux_2_28_x86_64.whl", hash = "sha256:6bb36985f606a7c49916eff74ab99399cdfd09241c375d5a820bb855dfb4af9f"},
    {file = "greenlet-3.0.0-cp38-cp38-musllinux_1_1_aarch64.whl", hash = "sha256:10b5582744abd9858947d163843d323d0b67be9432db50f8bf83031032bc218d"},
    {file = "greenlet-3.0.0-cp38-cp38-musllinux_1_1_x86_64.whl", hash = "sha256:f351479a6914fd81a55c8e68963609f792d9b067fb8a60a042c585a621e0de4f"},
    {file = "greenlet-3.0.0-cp38-cp38-win32.whl", hash = "sha256:9de687479faec7db5b198cc365bc34addd256b0028956501f4d4d5e9ca2e240a"},
    {file = "greenlet-3.0.0-cp38-cp38-win_amd64.whl", hash = "sha256:3fd2b18432e7298fcbec3d39e1a0aa91ae9ea1c93356ec089421fabc3651572b"},
    {file = "greenlet-3.0.0-cp38-universal2-macosx_11_0_x86_64.whl", hash = "sha256:3c0d36f5adc6e6100aedbc976d7428a9f7194ea79911aa4bf471f44ee13a9464"},
    {file = "greenlet-3.0.0-cp39-cp39-manylinux_2_17_aarch64.manylinux2014_aarch64.whl", hash = "sha256:6a5b2d4cdaf1c71057ff823a19d850ed5c6c2d3686cb71f73ae4d6382aaa7a06"},
    {file = "greenlet-3.0.0-cp39-cp39-manylinux_2_17_ppc64le.manylinux2014_ppc64le.whl", hash = "sha256:2e7dcdfad252f2ca83c685b0fa9fba00e4d8f243b73839229d56ee3d9d219314"},
    {file = "greenlet-3.0.0-cp39-cp39-manylinux_2_17_s390x.manylinux2014_s390x.whl", hash = "sha256:c94e4e924d09b5a3e37b853fe5924a95eac058cb6f6fb437ebb588b7eda79870"},
    {file = "greenlet-3.0.0-cp39-cp39-manylinux_2_17_x86_64.manylinux2014_x86_64.whl", hash = "sha256:ad6fb737e46b8bd63156b8f59ba6cdef46fe2b7db0c5804388a2d0519b8ddb99"},
    {file = "greenlet-3.0.0-cp39-cp39-manylinux_2_24_x86_64.manylinux_2_28_x86_64.whl", hash = "sha256:d55db1db455c59b46f794346efce896e754b8942817f46a1bada2d29446e305a"},
    {file = "greenlet-3.0.0-cp39-cp39-musllinux_1_1_aarch64.whl", hash = "sha256:56867a3b3cf26dc8a0beecdb4459c59f4c47cdd5424618c08515f682e1d46692"},
    {file = "greenlet-3.0.0-cp39-cp39-musllinux_1_1_x86_64.whl", hash = "sha256:9a812224a5fb17a538207e8cf8e86f517df2080c8ee0f8c1ed2bdaccd18f38f4"},
    {file = "greenlet-3.0.0-cp39-cp39-win32.whl", hash = "sha256:0d3f83ffb18dc57243e0151331e3c383b05e5b6c5029ac29f754745c800f8ed9"},
    {file = "greenlet-3.0.0-cp39-cp39-win_amd64.whl", hash = "sha256:831d6f35037cf18ca5e80a737a27d822d87cd922521d18ed3dbc8a6967be50ce"},
    {file = "greenlet-3.0.0-cp39-universal2-macosx_11_0_x86_64.whl", hash = "sha256:a048293392d4e058298710a54dfaefcefdf49d287cd33fb1f7d63d55426e4355"},
]

[package.extras]
docs = ["Sphinx"]
test = ["objgraph", "psutil"]

[[package]]
name = "iniconfig"
version = "2.0.0"
description = "brain-dead simple config-ini parsing"
optional = false
python-versions = ">=3.7"
files = [
    {file = "iniconfig-2.0.0-py3-none-any.whl", hash = "sha256:b6a85871a79d2e3b22d2d1b94ac2824226a63c6b741c88f7ae975f18b6778374"},
    {file = "iniconfig-2.0.0.tar.gz", hash = "sha256:2d91e135bf72d31a410b17c16da610a82cb55f6b0477d1a902134b24a455b8b3"},
]

[[package]]
name = "mccabe"
version = "0.7.0"
description = "McCabe checker, plugin for flake8"
optional = false
python-versions = ">=3.6"
files = [
    {file = "mccabe-0.7.0-py2.py3-none-any.whl", hash = "sha256:6c2d30ab6be0e4a46919781807b4f0d834ebdd6c6e3dca0bda5a15f863427b6e"},
    {file = "mccabe-0.7.0.tar.gz", hash = "sha256:348e0240c33b60bbdf4e523192ef919f28cb2c3d7d5c7794f74009290f236325"},
]

[[package]]
name = "mypy"
version = "1.5.1"
description = "Optional static typing for Python"
optional = false
python-versions = ">=3.8"
files = [
    {file = "mypy-1.5.1-cp310-cp310-macosx_10_9_x86_64.whl", hash = "sha256:f33592ddf9655a4894aef22d134de7393e95fcbdc2d15c1ab65828eee5c66c70"},
    {file = "mypy-1.5.1-cp310-cp310-macosx_11_0_arm64.whl", hash = "sha256:258b22210a4a258ccd077426c7a181d789d1121aca6db73a83f79372f5569ae0"},
    {file = "mypy-1.5.1-cp310-cp310-manylinux_2_17_x86_64.manylinux2014_x86_64.whl", hash = "sha256:a9ec1f695f0c25986e6f7f8778e5ce61659063268836a38c951200c57479cc12"},
    {file = "mypy-1.5.1-cp310-cp310-musllinux_1_1_x86_64.whl", hash = "sha256:abed92d9c8f08643c7d831300b739562b0a6c9fcb028d211134fc9ab20ccad5d"},
    {file = "mypy-1.5.1-cp310-cp310-win_amd64.whl", hash = "sha256:a156e6390944c265eb56afa67c74c0636f10283429171018446b732f1a05af25"},
    {file = "mypy-1.5.1-cp311-cp311-macosx_10_9_x86_64.whl", hash = "sha256:6ac9c21bfe7bc9f7f1b6fae441746e6a106e48fc9de530dea29e8cd37a2c0cc4"},
    {file = "mypy-1.5.1-cp311-cp311-macosx_11_0_arm64.whl", hash = "sha256:51cb1323064b1099e177098cb939eab2da42fea5d818d40113957ec954fc85f4"},
    {file = "mypy-1.5.1-cp311-cp311-manylinux_2_17_x86_64.manylinux2014_x86_64.whl", hash = "sha256:596fae69f2bfcb7305808c75c00f81fe2829b6236eadda536f00610ac5ec2243"},
    {file = "mypy-1.5.1-cp311-cp311-musllinux_1_1_x86_64.whl", hash = "sha256:32cb59609b0534f0bd67faebb6e022fe534bdb0e2ecab4290d683d248be1b275"},
    {file = "mypy-1.5.1-cp311-cp311-win_amd64.whl", hash = "sha256:159aa9acb16086b79bbb0016145034a1a05360626046a929f84579ce1666b315"},
    {file = "mypy-1.5.1-cp312-cp312-macosx_10_9_x86_64.whl", hash = "sha256:f6b0e77db9ff4fda74de7df13f30016a0a663928d669c9f2c057048ba44f09bb"},
    {file = "mypy-1.5.1-cp312-cp312-macosx_11_0_arm64.whl", hash = "sha256:26f71b535dfc158a71264e6dc805a9f8d2e60b67215ca0bfa26e2e1aa4d4d373"},
    {file = "mypy-1.5.1-cp312-cp312-manylinux_2_17_x86_64.manylinux2014_x86_64.whl", hash = "sha256:2fc3a600f749b1008cc75e02b6fb3d4db8dbcca2d733030fe7a3b3502902f161"},
    {file = "mypy-1.5.1-cp312-cp312-musllinux_1_1_x86_64.whl", hash = "sha256:26fb32e4d4afa205b24bf645eddfbb36a1e17e995c5c99d6d00edb24b693406a"},
    {file = "mypy-1.5.1-cp312-cp312-win_amd64.whl", hash = "sha256:82cb6193de9bbb3844bab4c7cf80e6227d5225cc7625b068a06d005d861ad5f1"},
    {file = "mypy-1.5.1-cp38-cp38-macosx_10_9_x86_64.whl", hash = "sha256:4a465ea2ca12804d5b34bb056be3a29dc47aea5973b892d0417c6a10a40b2d65"},
    {file = "mypy-1.5.1-cp38-cp38-macosx_11_0_arm64.whl", hash = "sha256:9fece120dbb041771a63eb95e4896791386fe287fefb2837258925b8326d6160"},
    {file = "mypy-1.5.1-cp38-cp38-manylinux_2_17_x86_64.manylinux2014_x86_64.whl", hash = "sha256:d28ddc3e3dfeab553e743e532fb95b4e6afad51d4706dd22f28e1e5e664828d2"},
    {file = "mypy-1.5.1-cp38-cp38-musllinux_1_1_x86_64.whl", hash = "sha256:57b10c56016adce71fba6bc6e9fd45d8083f74361f629390c556738565af8eeb"},
    {file = "mypy-1.5.1-cp38-cp38-win_amd64.whl", hash = "sha256:ff0cedc84184115202475bbb46dd99f8dcb87fe24d5d0ddfc0fe6b8575c88d2f"},
    {file = "mypy-1.5.1-cp39-cp39-macosx_10_9_x86_64.whl", hash = "sha256:8f772942d372c8cbac575be99f9cc9d9fb3bd95c8bc2de6c01411e2c84ebca8a"},
    {file = "mypy-1.5.1-cp39-cp39-macosx_11_0_arm64.whl", hash = "sha256:5d627124700b92b6bbaa99f27cbe615c8ea7b3402960f6372ea7d65faf376c14"},
    {file = "mypy-1.5.1-cp39-cp39-manylinux_2_17_x86_64.manylinux2014_x86_64.whl", hash = "sha256:361da43c4f5a96173220eb53340ace68cda81845cd88218f8862dfb0adc8cddb"},
    {file = "mypy-1.5.1-cp39-cp39-musllinux_1_1_x86_64.whl", hash = "sha256:330857f9507c24de5c5724235e66858f8364a0693894342485e543f5b07c8693"},
    {file = "mypy-1.5.1-cp39-cp39-win_amd64.whl", hash = "sha256:c543214ffdd422623e9fedd0869166c2f16affe4ba37463975043ef7d2ea8770"},
    {file = "mypy-1.5.1-py3-none-any.whl", hash = "sha256:f757063a83970d67c444f6e01d9550a7402322af3557ce7630d3c957386fa8f5"},
    {file = "mypy-1.5.1.tar.gz", hash = "sha256:b031b9601f1060bf1281feab89697324726ba0c0bae9d7cd7ab4b690940f0b92"},
]

[package.dependencies]
mypy-extensions = ">=1.0.0"
tomli = {version = ">=1.1.0", markers = "python_version < \"3.11\""}
typing-extensions = ">=4.1.0"

[package.extras]
dmypy = ["psutil (>=4.0)"]
install-types = ["pip"]
reports = ["lxml"]

[[package]]
name = "mypy-extensions"
version = "1.0.0"
description = "Type system extensions for programs checked with the mypy type checker."
optional = false
python-versions = ">=3.5"
files = [
    {file = "mypy_extensions-1.0.0-py3-none-any.whl", hash = "sha256:4392f6c0eb8a5668a69e23d168ffa70f0be9ccfd32b5cc2d26a34ae5b844552d"},
    {file = "mypy_extensions-1.0.0.tar.gz", hash = "sha256:75dbf8955dc00442a438fc4d0666508a9a97b6bd41aa2f0ffe9d2f2725af0782"},
]

[[package]]
name = "mysqlclient"
version = "2.2.0"
description = "Python interface to MySQL"
optional = false
python-versions = ">=3.8"
files = [
    {file = "mysqlclient-2.2.0-cp310-cp310-win_amd64.whl", hash = "sha256:68837b6bb23170acffb43ae411e47533a560b6360c06dac39aa55700972c93b2"},
    {file = "mysqlclient-2.2.0-cp311-cp311-win_amd64.whl", hash = "sha256:5670679ff1be1cc3fef0fa81bf39f0cd70605ba121141050f02743eb878ac114"},
    {file = "mysqlclient-2.2.0-cp38-cp38-win_amd64.whl", hash = "sha256:004fe1d30d2c2ff8072f8ea513bcec235fd9b896f70dad369461d0ad7e570e98"},
    {file = "mysqlclient-2.2.0-cp39-cp39-win_amd64.whl", hash = "sha256:9c6b142836c7dba4f723bf9c93cc46b6e5081d65b2af807f400dda9eb85a16d0"},
    {file = "mysqlclient-2.2.0-pp38-pypy38_pp73-win_amd64.whl", hash = "sha256:955dba905a7443ce4788c63fdb9f8d688316260cf60b20ff51ac3b1c77616ede"},
    {file = "mysqlclient-2.2.0-pp39-pypy39_pp73-win_amd64.whl", hash = "sha256:530ece9995a36cadb6211b9787f0c9e05cdab6702549bdb4236af5e9b535ed6a"},
    {file = "mysqlclient-2.2.0.tar.gz", hash = "sha256:04368445f9c487d8abb7a878e3d23e923e6072c04a6c320f9e0dc8a82efba14e"},
]

[[package]]
name = "packaging"
version = "23.2"
description = "Core utilities for Python packages"
optional = false
python-versions = ">=3.7"
files = [
    {file = "packaging-23.2-py3-none-any.whl", hash = "sha256:8c491190033a9af7e1d931d0b5dacc2ef47509b34dd0de67ed209b5203fc88c7"},
    {file = "packaging-23.2.tar.gz", hash = "sha256:048fb0e9405036518eaaf48a55953c750c11e1a1b68e0dd1a9d62ed0c092cfc5"},
]

[[package]]
name = "pathspec"
version = "0.11.2"
description = "Utility library for gitignore style pattern matching of file paths."
optional = false
python-versions = ">=3.7"
files = [
    {file = "pathspec-0.11.2-py3-none-any.whl", hash = "sha256:1d6ed233af05e679efb96b1851550ea95bbb64b7c490b0f5aa52996c11e92a20"},
    {file = "pathspec-0.11.2.tar.gz", hash = "sha256:e0d8d0ac2f12da61956eb2306b69f9469b42f4deb0f3cb6ed47b9cce9996ced3"},
]

[[package]]
name = "platformdirs"
version = "3.11.0"
description = "A small Python package for determining appropriate platform-specific dirs, e.g. a \"user data dir\"."
optional = false
python-versions = ">=3.7"
files = [
    {file = "platformdirs-3.11.0-py3-none-any.whl", hash = "sha256:e9d171d00af68be50e9202731309c4e658fd8bc76f55c11c7dd760d023bda68e"},
    {file = "platformdirs-3.11.0.tar.gz", hash = "sha256:cf8ee52a3afdb965072dcc652433e0c7e3e40cf5ea1477cd4b3b1d2eb75495b3"},
]

[package.extras]
docs = ["furo (>=2023.7.26)", "proselint (>=0.13)", "sphinx (>=7.1.1)", "sphinx-autodoc-typehints (>=1.24)"]
test = ["appdirs (==1.4.4)", "covdefaults (>=2.3)", "pytest (>=7.4)", "pytest-cov (>=4.1)", "pytest-mock (>=3.11.1)"]

[[package]]
name = "pluggy"
version = "1.3.0"
description = "plugin and hook calling mechanisms for python"
optional = false
python-versions = ">=3.8"
files = [
    {file = "pluggy-1.3.0-py3-none-any.whl", hash = "sha256:d89c696a773f8bd377d18e5ecda92b7a3793cbe66c87060a6fb58c7b6e1061f7"},
    {file = "pluggy-1.3.0.tar.gz", hash = "sha256:cf61ae8f126ac6f7c451172cf30e3e43d3ca77615509771b3a984a0730651e12"},
]

[package.extras]
dev = ["pre-commit", "tox"]
testing = ["pytest", "pytest-benchmark"]

[[package]]
name = "psycopg2-binary"
version = "2.9.8"
description = "psycopg2 - Python-PostgreSQL Database Adapter"
optional = false
python-versions = ">=3.6"
files = [
    {file = "psycopg2-binary-2.9.8.tar.gz", hash = "sha256:80451e6b6b7c486828d5c7ed50769532bbb04ec3a411f1e833539d5c10eb691c"},
    {file = "psycopg2_binary-2.9.8-cp310-cp310-macosx_10_9_x86_64.whl", hash = "sha256:e271ad6692d50d70ca75db3bd461bfc26316de78de8fe1f504ef16dcea8f2312"},
    {file = "psycopg2_binary-2.9.8-cp310-cp310-macosx_11_0_arm64.whl", hash = "sha256:3ae22a0fa5c516b84ddb189157fabfa3f12eded5d630e1ce260a18e1771f8707"},
    {file = "psycopg2_binary-2.9.8-cp310-cp310-manylinux_2_17_aarch64.manylinux2014_aarch64.whl", hash = "sha256:9a971086db0069aef2fd22ccffb670baac427f4ee2174c4f5c7206254f1e6794"},
    {file = "psycopg2_binary-2.9.8-cp310-cp310-manylinux_2_17_i686.manylinux2014_i686.whl", hash = "sha256:3b6928a502af71ca2ac9aad535e78c8309892ed3bfa7933182d4c760580c8af4"},
    {file = "psycopg2_binary-2.9.8-cp310-cp310-manylinux_2_17_ppc64le.manylinux2014_ppc64le.whl", hash = "sha256:5f955fe6301b84b6fd13970a05f3640fbb62ca3a0d19342356585006c830e038"},
    {file = "psycopg2_binary-2.9.8-cp310-cp310-manylinux_2_17_x86_64.manylinux2014_x86_64.whl", hash = "sha256:3723c3f009e2b2771f2491b330edb7091846f1aad0c08fbbd9a1383d6a0c0841"},
    {file = "psycopg2_binary-2.9.8-cp310-cp310-musllinux_1_1_aarch64.whl", hash = "sha256:e3142c7e51b92855cff300580de949e36a94ab3bfa8f353b27fe26535e9b3542"},
    {file = "psycopg2_binary-2.9.8-cp310-cp310-musllinux_1_1_i686.whl", hash = "sha256:de85105c568dc5f0f0efe793209ba83e4675d53d00faffc7a7c7a8bea9e0e19a"},
    {file = "psycopg2_binary-2.9.8-cp310-cp310-musllinux_1_1_ppc64le.whl", hash = "sha256:c7ff2b6a79a92b1b169b03bb91b41806843f0cdf6055256554495bffed1d496d"},
    {file = "psycopg2_binary-2.9.8-cp310-cp310-musllinux_1_1_x86_64.whl", hash = "sha256:59f45cca0765aabb52a5822c72d5ff2ec46a28b1c1702de90dc0d306ec5c2001"},
    {file = "psycopg2_binary-2.9.8-cp310-cp310-win32.whl", hash = "sha256:1dbad789ebd1e61201256a19dc2e90fed4706bc966ccad4f374648e5336b1ab4"},
    {file = "psycopg2_binary-2.9.8-cp310-cp310-win_amd64.whl", hash = "sha256:15458c81b0d199ab55825007115f697722831656e6477a427783fe75c201c82b"},
    {file = "psycopg2_binary-2.9.8-cp311-cp311-macosx_10_9_x86_64.whl", hash = "sha256:395c217156723fe21809dfe8f7a433c5bf8e9bce229944668e4ec709c37c5442"},
    {file = "psycopg2_binary-2.9.8-cp311-cp311-macosx_11_0_arm64.whl", hash = "sha256:14f85ff2d5d826a7ce9e6c31e803281ed5a096789f47f52cb728c88f488de01b"},
    {file = "psycopg2_binary-2.9.8-cp311-cp311-manylinux_2_17_aarch64.manylinux2014_aarch64.whl", hash = "sha256:e11373d8e4f1f46cf3065bf613f0df9854803dc95aa4a35354ffac19f8c52127"},
    {file = "psycopg2_binary-2.9.8-cp311-cp311-manylinux_2_17_i686.manylinux2014_i686.whl", hash = "sha256:01f9731761f711e42459f87bd2ad5d744b9773b5dd05446f3b579a0f077e78e3"},
    {file = "psycopg2_binary-2.9.8-cp311-cp311-manylinux_2_17_ppc64le.manylinux2014_ppc64le.whl", hash = "sha256:54bf5c27bd5867a5fa5341fad29f0d5838e2fed617ef5346884baf8b8b16dd82"},
    {file = "psycopg2_binary-2.9.8-cp311-cp311-manylinux_2_17_x86_64.manylinux2014_x86_64.whl", hash = "sha256:4bfabbd7e70785af726cc0209e8e64b926abf91741eca80678b221aad9e72135"},
    {file = "psycopg2_binary-2.9.8-cp311-cp311-musllinux_1_1_aarch64.whl", hash = "sha256:6369f4bd4d27944498094dccced1ae7ca43376a59dbfe4c8b6a16e9e3dc3ccce"},
    {file = "psycopg2_binary-2.9.8-cp311-cp311-musllinux_1_1_i686.whl", hash = "sha256:4879ee1d07a6b2c232ae6a74570f4788cd7a29b3cd38bc39bf60225b1d075c78"},
    {file = "psycopg2_binary-2.9.8-cp311-cp311-musllinux_1_1_ppc64le.whl", hash = "sha256:4336afc0e81726350bd5863e3c3116d8c12aa7f457d3d0b3b3dc36137fec6feb"},
    {file = "psycopg2_binary-2.9.8-cp311-cp311-musllinux_1_1_x86_64.whl", hash = "sha256:63ce1dccfd08d9c5341ac82d62aa04345bc4bf41b5e5b7b2c6c172a28e0eda27"},
    {file = "psycopg2_binary-2.9.8-cp311-cp311-win32.whl", hash = "sha256:59421806c1a0803ea7de9ed061d656c041a84db0da7e73266b98db4c7ba263da"},
    {file = "psycopg2_binary-2.9.8-cp311-cp311-win_amd64.whl", hash = "sha256:ccaa2ae03990cedde1f618ff11ec89fefa84622da73091a67b44553ca8be6711"},
    {file = "psycopg2_binary-2.9.8-cp37-cp37m-macosx_10_9_x86_64.whl", hash = "sha256:5aa0c99c12075c593dcdccbb8a7aaa714b716560cc99ef9206f9e75b77520801"},
    {file = "psycopg2_binary-2.9.8-cp37-cp37m-manylinux_2_17_aarch64.manylinux2014_aarch64.whl", hash = "sha256:91719f53ed2a95ebecefac48d855d811cba9d9fe300acc162993bdfde9bc1c3b"},
    {file = "psycopg2_binary-2.9.8-cp37-cp37m-manylinux_2_17_i686.manylinux2014_i686.whl", hash = "sha256:c68a2e1afb4f2a5bb4b7bb8f90298d21196ac1c66418523e549430b8c4b7cb1e"},
    {file = "psycopg2_binary-2.9.8-cp37-cp37m-manylinux_2_17_ppc64le.manylinux2014_ppc64le.whl", hash = "sha256:278ebd63ced5a5f3af5394cb75a9a067243eee21f42f0126c6f1cf85eaeb90f9"},
    {file = "psycopg2_binary-2.9.8-cp37-cp37m-manylinux_2_17_x86_64.manylinux2014_x86_64.whl", hash = "sha256:8c84ff9682bc4520504c474e189b3de7c4a4029e529c8b775e39c95c33073767"},
    {file = "psycopg2_binary-2.9.8-cp37-cp37m-musllinux_1_1_aarch64.whl", hash = "sha256:6f5e70e40dae47a4dc7f8eb390753bb599b0f4ede314580e6faa3b7383695d19"},
    {file = "psycopg2_binary-2.9.8-cp37-cp37m-musllinux_1_1_i686.whl", hash = "sha256:673eafbdaa4ed9f5164c90e191c3895cc5f866b9b379fdb59f3a2294e914d9bd"},
    {file = "psycopg2_binary-2.9.8-cp37-cp37m-musllinux_1_1_ppc64le.whl", hash = "sha256:5a0a6e4004697ec98035ff3b8dfc4dba8daa477b23ee891d831cd3cd65ace6be"},
    {file = "psycopg2_binary-2.9.8-cp37-cp37m-musllinux_1_1_x86_64.whl", hash = "sha256:d29efab3c5d6d978115855a0f2643e0ee8c6450dc536d5b4afec6f52ab99e99e"},
    {file = "psycopg2_binary-2.9.8-cp37-cp37m-win32.whl", hash = "sha256:d4a19a3332f2ac6d093e60a6f1c589f97eb9f9de7e27ea80d67f188384e31572"},
    {file = "psycopg2_binary-2.9.8-cp37-cp37m-win_amd64.whl", hash = "sha256:5262713988d97a9d4cd54b682dec4a413b87b76790e5b16f480450550d11a8f7"},
    {file = "psycopg2_binary-2.9.8-cp38-cp38-macosx_10_9_x86_64.whl", hash = "sha256:e46b0f4683539965ce849f2c13fc53e323bb08d84d4ba2e4b3d976f364c84210"},
    {file = "psycopg2_binary-2.9.8-cp38-cp38-macosx_11_0_arm64.whl", hash = "sha256:3fd44b52bc9c74c1512662e8da113a1c55127adeeacebaf460babe766517b049"},
    {file = "psycopg2_binary-2.9.8-cp38-cp38-manylinux_2_17_aarch64.manylinux2014_aarch64.whl", hash = "sha256:3b6c607ecb6a9c245ebe162d63ccd9222d38efa3c858bbe38d32810b08b8f87e"},
    {file = "psycopg2_binary-2.9.8-cp38-cp38-manylinux_2_17_i686.manylinux2014_i686.whl", hash = "sha256:e6ef615d48fa60361e57f998327046bd89679c25d06eee9e78156be5a7a76e03"},
    {file = "psycopg2_binary-2.9.8-cp38-cp38-manylinux_2_17_ppc64le.manylinux2014_ppc64le.whl", hash = "sha256:65403113ac3a4813a1409fb6a1e43c658b459cc8ed8afcc5f4baf02ec8be4334"},
    {file = "psycopg2_binary-2.9.8-cp38-cp38-manylinux_2_17_x86_64.manylinux2014_x86_64.whl", hash = "sha256:5debcb23a052f3fb4c165789ea513b562b2fac0f0f4f53eaf3cf4dc648907ff8"},
    {file = "psycopg2_binary-2.9.8-cp38-cp38-musllinux_1_1_aarch64.whl", hash = "sha256:dc145a241e1f6381efb924bcf3e3462d6020b8a147363f9111eb0a9c89331ad7"},
    {file = "psycopg2_binary-2.9.8-cp38-cp38-musllinux_1_1_i686.whl", hash = "sha256:1d669887df169a9b0c09e0f5b46891511850a9ddfcde3593408af9d9774c5c3a"},
    {file = "psycopg2_binary-2.9.8-cp38-cp38-musllinux_1_1_ppc64le.whl", hash = "sha256:19d40993701e39c49b50e75cd690a6af796d7e7210941ee0fe49cf12b25840e5"},
    {file = "psycopg2_binary-2.9.8-cp38-cp38-musllinux_1_1_x86_64.whl", hash = "sha256:4b8b2cdf3bce4dd91dc035fbff4eb812f5607dda91364dc216b0920b97b521c7"},
    {file = "psycopg2_binary-2.9.8-cp38-cp38-win32.whl", hash = "sha256:4960c881471ca710b81a67ef148c33ee121c1f8e47a639cf7e06537fe9fee337"},
    {file = "psycopg2_binary-2.9.8-cp38-cp38-win_amd64.whl", hash = "sha256:aeb09db95f38e75ae04e947d283e07be34d03c4c2ace4f0b73dbb9143d506e67"},
    {file = "psycopg2_binary-2.9.8-cp39-cp39-macosx_10_9_x86_64.whl", hash = "sha256:5aef3296d44d05805e634dbbd2972aa8eb7497926dd86047f5e39a79c3ecc086"},
    {file = "psycopg2_binary-2.9.8-cp39-cp39-macosx_11_0_arm64.whl", hash = "sha256:4d6b592ecc8667e608b9e7344259fbfb428cc053df0062ec3ac75d8270cd5a9f"},
    {file = "psycopg2_binary-2.9.8-cp39-cp39-manylinux_2_17_aarch64.manylinux2014_aarch64.whl", hash = "sha256:693a4e7641556f0b421a7d6c6a74058aead407d860ac1cb9d0bf25be0ca73de8"},
    {file = "psycopg2_binary-2.9.8-cp39-cp39-manylinux_2_17_i686.manylinux2014_i686.whl", hash = "sha256:cf60c599c40c266a01c458e9c71db7132b11760f98f08233f19b3e0a2153cbf1"},
    {file = "psycopg2_binary-2.9.8-cp39-cp39-manylinux_2_17_ppc64le.manylinux2014_ppc64le.whl", hash = "sha256:5cbe1e19f59950afd66764e3c905ecee9f2aee9f8df2ef35af6f7948ad93f620"},
    {file = "psycopg2_binary-2.9.8-cp39-cp39-manylinux_2_17_x86_64.manylinux2014_x86_64.whl", hash = "sha256:fc37de7e3a87f5966965fc874d33c9b68d638e6c3718fdf32a5083de563428b0"},
    {file = "psycopg2_binary-2.9.8-cp39-cp39-musllinux_1_1_aarch64.whl", hash = "sha256:6e1bb4eb0d9925d65dabaaabcbb279fab444ba66d73f86d4c07dfd11f0139c06"},
    {file = "psycopg2_binary-2.9.8-cp39-cp39-musllinux_1_1_i686.whl", hash = "sha256:e7bdc94217ae20ad03b375a991e107a31814053bee900ad8c967bf82ef3ff02e"},
    {file = "psycopg2_binary-2.9.8-cp39-cp39-musllinux_1_1_ppc64le.whl", hash = "sha256:565edaf9f691b17a7fdbabd368b5b3e67d0fdc8f7f6b52177c1d3289f4e763fd"},
    {file = "psycopg2_binary-2.9.8-cp39-cp39-musllinux_1_1_x86_64.whl", hash = "sha256:0e3071c947bda6afc6fe2e7b64ebd64fb2cad1bc0e705a3594cb499291f2dfec"},
    {file = "psycopg2_binary-2.9.8-cp39-cp39-win32.whl", hash = "sha256:205cecdd81ff4f1ddd687ce7d06879b9b80cccc428d8d6ebf36fcba08bb6d361"},
    {file = "psycopg2_binary-2.9.8-cp39-cp39-win_amd64.whl", hash = "sha256:1f279ba74f0d6b374526e5976c626d2ac3b8333b6a7b08755c513f4d380d3add"},
]

[[package]]
name = "pycodestyle"
version = "2.11.0"
description = "Python style guide checker"
optional = false
python-versions = ">=3.8"
files = [
    {file = "pycodestyle-2.11.0-py2.py3-none-any.whl", hash = "sha256:5d1013ba8dc7895b548be5afb05740ca82454fd899971563d2ef625d090326f8"},
    {file = "pycodestyle-2.11.0.tar.gz", hash = "sha256:259bcc17857d8a8b3b4a2327324b79e5f020a13c16074670f9c8c8f872ea76d0"},
]

[[package]]
name = "pyflakes"
version = "3.1.0"
description = "passive checker of Python programs"
optional = false
python-versions = ">=3.8"
files = [
    {file = "pyflakes-3.1.0-py2.py3-none-any.whl", hash = "sha256:4132f6d49cb4dae6819e5379898f2b8cce3c5f23994194c24b77d5da2e36f774"},
    {file = "pyflakes-3.1.0.tar.gz", hash = "sha256:a0aae034c444db0071aa077972ba4768d40c830d9539fd45bf4cd3f8f6992efc"},
]

[[package]]
name = "pytest"
version = "7.4.2"
description = "pytest: simple powerful testing with Python"
optional = false
python-versions = ">=3.7"
files = [
    {file = "pytest-7.4.2-py3-none-any.whl", hash = "sha256:1d881c6124e08ff0a1bb75ba3ec0bfd8b5354a01c194ddd5a0a870a48d99b002"},
    {file = "pytest-7.4.2.tar.gz", hash = "sha256:a766259cfab564a2ad52cb1aae1b881a75c3eb7e34ca3779697c23ed47c47069"},
]

[package.dependencies]
colorama = {version = "*", markers = "sys_platform == \"win32\""}
exceptiongroup = {version = ">=1.0.0rc8", markers = "python_version < \"3.11\""}
iniconfig = "*"
packaging = "*"
pluggy = ">=0.12,<2.0"
tomli = {version = ">=1.0.0", markers = "python_version < \"3.11\""}

[package.extras]
testing = ["argcomplete", "attrs (>=19.2.0)", "hypothesis (>=3.56)", "mock", "nose", "pygments (>=2.7.2)", "requests", "setuptools", "xmlschema"]

[[package]]
name = "sqlalchemy"
version = "2.0.21"
description = "Database Abstraction Library"
optional = false
python-versions = ">=3.7"
files = [
    {file = "SQLAlchemy-2.0.21-cp310-cp310-macosx_10_9_x86_64.whl", hash = "sha256:1e7dc99b23e33c71d720c4ae37ebb095bebebbd31a24b7d99dfc4753d2803ede"},
    {file = "SQLAlchemy-2.0.21-cp310-cp310-macosx_11_0_arm64.whl", hash = "sha256:7f0c4ee579acfe6c994637527c386d1c22eb60bc1c1d36d940d8477e482095d4"},
    {file = "SQLAlchemy-2.0.21-cp310-cp310-manylinux_2_17_aarch64.manylinux2014_aarch64.whl", hash = "sha256:3f7d57a7e140efe69ce2d7b057c3f9a595f98d0bbdfc23fd055efdfbaa46e3a5"},
    {file = "SQLAlchemy-2.0.21-cp310-cp310-manylinux_2_17_x86_64.manylinux2014_x86_64.whl", hash = "sha256:7ca38746eac23dd7c20bec9278d2058c7ad662b2f1576e4c3dbfcd7c00cc48fa"},
    {file = "SQLAlchemy-2.0.21-cp310-cp310-musllinux_1_1_aarch64.whl", hash = "sha256:3cf229704074bce31f7f47d12883afee3b0a02bb233a0ba45ddbfe542939cca4"},
    {file = "SQLAlchemy-2.0.21-cp310-cp310-musllinux_1_1_x86_64.whl", hash = "sha256:fb87f763b5d04a82ae84ccff25554ffd903baafba6698e18ebaf32561f2fe4aa"},
    {file = "SQLAlchemy-2.0.21-cp310-cp310-win32.whl", hash = "sha256:89e274604abb1a7fd5c14867a412c9d49c08ccf6ce3e1e04fffc068b5b6499d4"},
    {file = "SQLAlchemy-2.0.21-cp310-cp310-win_amd64.whl", hash = "sha256:e36339a68126ffb708dc6d1948161cea2a9e85d7d7b0c54f6999853d70d44430"},
    {file = "SQLAlchemy-2.0.21-cp311-cp311-macosx_10_9_x86_64.whl", hash = "sha256:bf8eebccc66829010f06fbd2b80095d7872991bfe8415098b9fe47deaaa58063"},
    {file = "SQLAlchemy-2.0.21-cp311-cp311-macosx_11_0_arm64.whl", hash = "sha256:b977bfce15afa53d9cf6a632482d7968477625f030d86a109f7bdfe8ce3c064a"},
    {file = "SQLAlchemy-2.0.21-cp311-cp311-manylinux_2_17_aarch64.manylinux2014_aarch64.whl", hash = "sha256:6ff3dc2f60dbf82c9e599c2915db1526d65415be323464f84de8db3e361ba5b9"},
    {file = "SQLAlchemy-2.0.21-cp311-cp311-manylinux_2_17_x86_64.manylinux2014_x86_64.whl", hash = "sha256:44ac5c89b6896f4740e7091f4a0ff2e62881da80c239dd9408f84f75a293dae9"},
    {file = "SQLAlchemy-2.0.21-cp311-cp311-musllinux_1_1_aarch64.whl", hash = "sha256:87bf91ebf15258c4701d71dcdd9c4ba39521fb6a37379ea68088ce8cd869b446"},
    {file = "SQLAlchemy-2.0.21-cp311-cp311-musllinux_1_1_x86_64.whl", hash = "sha256:b69f1f754d92eb1cc6b50938359dead36b96a1dcf11a8670bff65fd9b21a4b09"},
    {file = "SQLAlchemy-2.0.21-cp311-cp311-win32.whl", hash = "sha256:af520a730d523eab77d754f5cf44cc7dd7ad2d54907adeb3233177eeb22f271b"},
    {file = "SQLAlchemy-2.0.21-cp311-cp311-win_amd64.whl", hash = "sha256:141675dae56522126986fa4ca713739d00ed3a6f08f3c2eb92c39c6dfec463ce"},
    {file = "SQLAlchemy-2.0.21-cp37-cp37m-macosx_10_9_x86_64.whl", hash = "sha256:7614f1eab4336df7dd6bee05bc974f2b02c38d3d0c78060c5faa4cd1ca2af3b8"},
    {file = "SQLAlchemy-2.0.21-cp37-cp37m-manylinux_2_17_aarch64.manylinux2014_aarch64.whl", hash = "sha256:d59cb9e20d79686aa473e0302e4a82882d7118744d30bb1dfb62d3c47141b3ec"},
    {file = "SQLAlchemy-2.0.21-cp37-cp37m-manylinux_2_17_x86_64.manylinux2014_x86_64.whl", hash = "sha256:a95aa0672e3065d43c8aa80080cdd5cc40fe92dc873749e6c1cf23914c4b83af"},
    {file = "SQLAlchemy-2.0.21-cp37-cp37m-musllinux_1_1_aarch64.whl", hash = "sha256:8c323813963b2503e54d0944813cd479c10c636e3ee223bcbd7bd478bf53c178"},
    {file = "SQLAlchemy-2.0.21-cp37-cp37m-musllinux_1_1_x86_64.whl", hash = "sha256:419b1276b55925b5ac9b4c7044e999f1787c69761a3c9756dec6e5c225ceca01"},
    {file = "SQLAlchemy-2.0.21-cp37-cp37m-win32.whl", hash = "sha256:4615623a490e46be85fbaa6335f35cf80e61df0783240afe7d4f544778c315a9"},
    {file = "SQLAlchemy-2.0.21-cp37-cp37m-win_amd64.whl", hash = "sha256:cca720d05389ab1a5877ff05af96551e58ba65e8dc65582d849ac83ddde3e231"},
    {file = "SQLAlchemy-2.0.21-cp38-cp38-macosx_10_9_x86_64.whl", hash = "sha256:b4eae01faee9f2b17f08885e3f047153ae0416648f8e8c8bd9bc677c5ce64be9"},
    {file = "SQLAlchemy-2.0.21-cp38-cp38-macosx_11_0_arm64.whl", hash = "sha256:3eb7c03fe1cd3255811cd4e74db1ab8dca22074d50cd8937edf4ef62d758cdf4"},
    {file = "SQLAlchemy-2.0.21-cp38-cp38-manylinux_2_17_aarch64.manylinux2014_aarch64.whl", hash = "sha256:c2d494b6a2a2d05fb99f01b84cc9af9f5f93bf3e1e5dbdafe4bed0c2823584c1"},
    {file = "SQLAlchemy-2.0.21-cp38-cp38-manylinux_2_17_x86_64.manylinux2014_x86_64.whl", hash = "sha256:b19ae41ef26c01a987e49e37c77b9ad060c59f94d3b3efdfdbf4f3daaca7b5fe"},
    {file = "SQLAlchemy-2.0.21-cp38-cp38-musllinux_1_1_aarch64.whl", hash = "sha256:fc6b15465fabccc94bf7e38777d665b6a4f95efd1725049d6184b3a39fd54880"},
    {file = "SQLAlchemy-2.0.21-cp38-cp38-musllinux_1_1_x86_64.whl", hash = "sha256:014794b60d2021cc8ae0f91d4d0331fe92691ae5467a00841f7130fe877b678e"},
    {file = "SQLAlchemy-2.0.21-cp38-cp38-win32.whl", hash = "sha256:0268256a34806e5d1c8f7ee93277d7ea8cc8ae391f487213139018b6805aeaf6"},
    {file = "SQLAlchemy-2.0.21-cp38-cp38-win_amd64.whl", hash = "sha256:73c079e21d10ff2be54a4699f55865d4b275fd6c8bd5d90c5b1ef78ae0197301"},
    {file = "SQLAlchemy-2.0.21-cp39-cp39-macosx_10_9_x86_64.whl", hash = "sha256:785e2f2c1cb50d0a44e2cdeea5fd36b5bf2d79c481c10f3a88a8be4cfa2c4615"},
    {file = "SQLAlchemy-2.0.21-cp39-cp39-macosx_11_0_arm64.whl", hash = "sha256:c111cd40910ffcb615b33605fc8f8e22146aeb7933d06569ac90f219818345ef"},
    {file = "SQLAlchemy-2.0.21-cp39-cp39-manylinux_2_17_aarch64.manylinux2014_aarch64.whl", hash = "sha256:c9cba4e7369de663611ce7460a34be48e999e0bbb1feb9130070f0685e9a6b66"},
    {file = "SQLAlchemy-2.0.21-cp39-cp39-manylinux_2_17_x86_64.manylinux2014_x86_64.whl", hash = "sha256:50a69067af86ec7f11a8e50ba85544657b1477aabf64fa447fd3736b5a0a4f67"},
    {file = "SQLAlchemy-2.0.21-cp39-cp39-musllinux_1_1_aarch64.whl", hash = "sha256:ccb99c3138c9bde118b51a289d90096a3791658da9aea1754667302ed6564f6e"},
    {file = "SQLAlchemy-2.0.21-cp39-cp39-musllinux_1_1_x86_64.whl", hash = "sha256:513fd5b6513d37e985eb5b7ed89da5fd9e72354e3523980ef00d439bc549c9e9"},
    {file = "SQLAlchemy-2.0.21-cp39-cp39-win32.whl", hash = "sha256:f9fefd6298433b6e9188252f3bff53b9ff0443c8fde27298b8a2b19f6617eeb9"},
    {file = "SQLAlchemy-2.0.21-cp39-cp39-win_amd64.whl", hash = "sha256:2e617727fe4091cedb3e4409b39368f424934c7faa78171749f704b49b4bb4ce"},
    {file = "SQLAlchemy-2.0.21-py3-none-any.whl", hash = "sha256:ea7da25ee458d8f404b93eb073116156fd7d8c2a776d8311534851f28277b4ce"},
    {file = "SQLAlchemy-2.0.21.tar.gz", hash = "sha256:05b971ab1ac2994a14c56b35eaaa91f86ba080e9ad481b20d99d77f381bb6258"},
]

[package.dependencies]
greenlet = {version = "!=0.4.17", markers = "platform_machine == \"aarch64\" or platform_machine == \"ppc64le\" or platform_machine == \"x86_64\" or platform_machine == \"amd64\" or platform_machine == \"AMD64\" or platform_machine == \"win32\" or platform_machine == \"WIN32\""}
typing-extensions = ">=4.2.0"

[package.extras]
aiomysql = ["aiomysql (>=0.2.0)", "greenlet (!=0.4.17)"]
aiosqlite = ["aiosqlite", "greenlet (!=0.4.17)", "typing-extensions (!=3.10.0.1)"]
asyncio = ["greenlet (!=0.4.17)"]
asyncmy = ["asyncmy (>=0.2.3,!=0.2.4,!=0.2.6)", "greenlet (!=0.4.17)"]
mariadb-connector = ["mariadb (>=1.0.1,!=1.1.2,!=1.1.5)"]
mssql = ["pyodbc"]
mssql-pymssql = ["pymssql"]
mssql-pyodbc = ["pyodbc"]
mypy = ["mypy (>=0.910)"]
mysql = ["mysqlclient (>=1.4.0)"]
mysql-connector = ["mysql-connector-python"]
oracle = ["cx-oracle (>=7)"]
oracle-oracledb = ["oracledb (>=1.0.1)"]
postgresql = ["psycopg2 (>=2.7)"]
postgresql-asyncpg = ["asyncpg", "greenlet (!=0.4.17)"]
postgresql-pg8000 = ["pg8000 (>=1.29.1)"]
postgresql-psycopg = ["psycopg (>=3.0.7)"]
postgresql-psycopg2binary = ["psycopg2-binary"]
postgresql-psycopg2cffi = ["psycopg2cffi"]
postgresql-psycopgbinary = ["psycopg[binary] (>=3.0.7)"]
pymysql = ["pymysql"]
sqlcipher = ["sqlcipher3-binary"]

[[package]]
name = "sqlalchemy-stubs"
version = "0.2"
description = "SQLAlchemy stubs and mypy plugin"
optional = false
python-versions = "*"
files = [
    {file = "sqlalchemy-stubs-0.2.tar.gz", hash = "sha256:fe9df983274142f82973e4f7634a98dcbdbdde964918ad3dcf33d94398c51537"},
    {file = "sqlalchemy_stubs-0.2-py3-none-any.whl", hash = "sha256:4bb4a0377ed6c01bea2e1124d60747714d56742352bdb80e2093ca80a1bc036f"},
]

[package.dependencies]
mypy = ">=0.660"
typing-extensions = ">=3.6.5"

[[package]]
name = "tomli"
version = "2.0.1"
description = "A lil' TOML parser"
optional = false
python-versions = ">=3.7"
files = [
    {file = "tomli-2.0.1-py3-none-any.whl", hash = "sha256:939de3e7a6161af0c887ef91b7d41a53e7c5a1ca976325f429cb46ea9bc30ecc"},
    {file = "tomli-2.0.1.tar.gz", hash = "sha256:de526c12914f0c550d15924c62d72abc48d6fe7364aa87328337a31007fe8a4f"},
]

[[package]]
name = "tornado"
version = "6.3.3"
description = "Tornado is a Python web framework and asynchronous networking library, originally developed at FriendFeed."
optional = false
python-versions = ">= 3.8"
files = [
    {file = "tornado-6.3.3-cp38-abi3-macosx_10_9_universal2.whl", hash = "sha256:502fba735c84450974fec147340016ad928d29f1e91f49be168c0a4c18181e1d"},
    {file = "tornado-6.3.3-cp38-abi3-macosx_10_9_x86_64.whl", hash = "sha256:805d507b1f588320c26f7f097108eb4023bbaa984d63176d1652e184ba24270a"},
    {file = "tornado-6.3.3-cp38-abi3-manylinux_2_17_aarch64.manylinux2014_aarch64.whl", hash = "sha256:1bd19ca6c16882e4d37368e0152f99c099bad93e0950ce55e71daed74045908f"},
    {file = "tornado-6.3.3-cp38-abi3-manylinux_2_5_i686.manylinux1_i686.manylinux_2_17_i686.manylinux2014_i686.whl", hash = "sha256:7ac51f42808cca9b3613f51ffe2a965c8525cb1b00b7b2d56828b8045354f76a"},
    {file = "tornado-6.3.3-cp38-abi3-manylinux_2_5_x86_64.manylinux1_x86_64.manylinux_2_17_x86_64.manylinux2014_x86_64.whl", hash = "sha256:71a8db65160a3c55d61839b7302a9a400074c9c753040455494e2af74e2501f2"},
    {file = "tornado-6.3.3-cp38-abi3-musllinux_1_1_aarch64.whl", hash = "sha256:ceb917a50cd35882b57600709dd5421a418c29ddc852da8bcdab1f0db33406b0"},
    {file = "tornado-6.3.3-cp38-abi3-musllinux_1_1_i686.whl", hash = "sha256:7d01abc57ea0dbb51ddfed477dfe22719d376119844e33c661d873bf9c0e4a16"},
    {file = "tornado-6.3.3-cp38-abi3-musllinux_1_1_x86_64.whl", hash = "sha256:9dc4444c0defcd3929d5c1eb5706cbe1b116e762ff3e0deca8b715d14bf6ec17"},
    {file = "tornado-6.3.3-cp38-abi3-win32.whl", hash = "sha256:65ceca9500383fbdf33a98c0087cb975b2ef3bfb874cb35b8de8740cf7f41bd3"},
    {file = "tornado-6.3.3-cp38-abi3-win_amd64.whl", hash = "sha256:22d3c2fa10b5793da13c807e6fc38ff49a4f6e1e3868b0a6f4164768bb8e20f5"},
    {file = "tornado-6.3.3.tar.gz", hash = "sha256:e7d8db41c0181c80d76c982aacc442c0783a2c54d6400fe028954201a2e032fe"},
]

[[package]]
name = "typing-extensions"
version = "4.8.0"
description = "Backported and Experimental Type Hints for Python 3.8+"
optional = false
python-versions = ">=3.8"
files = [
    {file = "typing_extensions-4.8.0-py3-none-any.whl", hash = "sha256:8f92fc8806f9a6b641eaa5318da32b44d401efaac0f6678c9bc448ba3605faa0"},
    {file = "typing_extensions-4.8.0.tar.gz", hash = "sha256:df8e4339e9cb77357558cbdbceca33c303714cf861d1eef15e1070055ae8b7ef"},
]

[metadata]
lock-version = "2.0"
python-versions = "^3.8.1"
content-hash = "307c28c4d8715eb01253fc15587e708da8b5c6f513a3bad5e5486f66237ced88"
